
Microsoft Visual Studio Solution File, Format Version 11.00
# Visual Studio 2010
Project("{FAE04EC0-301F-11D3-BF4B-00C04F79EFBC}") = "Unity.Collections", "Unity.Collections.csproj", "{369ee548-c1c2-7b12-23cf-e2557898fa32}"
EndProject
Project("{FAE04EC0-301F-11D3-BF4B-00C04F79EFBC}") = "Assembly-CSharp", "Assembly-CSharp.csproj", "{ca433c63-bc95-7675-1cfd-56e772ec452e}"
EndProject
Project("{FAE04EC0-301F-11D3-BF4B-00C04F79EFBC}") = "Unity.PerformanceTesting", "Unity.PerformanceTesting.csproj", "{ff97bf2e-8d6c-d1f9-f1a8-1466bffdf68c}"
EndProject
Project("{FAE04EC0-301F-11D3-BF4B-00C04F79EFBC}") = "Unity.Collections.CodeGen", "Unity.Collections.CodeGen.csproj", "{d923e9de-adf1-203d-d214-8efb466c52d9}"
EndProject
Project("{FAE04EC0-301F-11D3-BF4B-00C04F79EFBC}") = "Unity.Collections.Editor", "Unity.Collections.Editor.csproj", "{2f92b388-435d-d368-bc59-e55438fa60b2}"
EndProject
Project("{FAE04EC0-301F-11D3-BF4B-00C04F79EFBC}") = "Unity.Collections", "Unity.Collections.Player.csproj", "{5263e352-9f61-c697-4bce-efb8736555d3}"
EndProject
Project("{FAE04EC0-301F-11D3-BF4B-00C04F79EFBC}") = "Assembly-CSharp", "Assembly-CSharp.Player.csproj", "{94a80516-1405-257a-c766-109bb1919c01}"
EndProject
Project("{FAE04EC0-301F-11D3-BF4B-00C04F79EFBC}") = "Unity.PerformanceTesting", "Unity.PerformanceTesting.Player.csproj", "{8b364882-3699-d466-c13d-741d37df229e}"
EndProject
Project("{FAE04EC0-301F-11D3-BF4B-00C04F79EFBC}") = "Unity.Collections.DocCodeSamples", "Unity.Collections.DocCodeSamples.csproj", "{4db59f0b-83c1-3f26-435b-7d32760726db}"
EndProject
Project("{FAE04EC0-301F-11D3-BF4B-00C04F79EFBC}") = "Unity.Collections.PerformanceTests", "Unity.Collections.PerformanceTests.csproj", "{20646c18-9471-ff62-1ec4-4161acc62b94}"
EndProject
Project("{FAE04EC0-301F-11D3-BF4B-00C04F79EFBC}") = "Unity.Collections.Tests", "Unity.Collections.Tests.csproj", "{3b7f07c1-ff4a-ecb6-6f87-92bb45381b41}"
EndProject
Project("{FAE04EC0-301F-11D3-BF4B-00C04F79EFBC}") = "Unity.Collections.Tests.Playmode", "Unity.Collections.Tests.Playmode.csproj", "{d43865b5-575b-52fe-4d3e-3ceb992f6141}"
EndProject
Project("{FAE04EC0-301F-11D3-BF4B-00C04F79EFBC}") = "Unity.Collections.BurstCompatibilityGen", "Unity.Collections.BurstCompatibilityGen.csproj", "{cc07bac4-6627-d917-75b3-9de355426ed2}"
EndProject
Global
	GlobalSection(SolutionConfigurationPlatforms) = preSolution
		Debug|Any CPU = Debug|Any CPU
	EndGlobalSection
	GlobalSection(ProjectConfigurationPlatforms) = postSolution
		{369ee548-c1c2-7b12-23cf-e2557898fa32}.Debug|Any CPU.ActiveCfg = Debug|Any CPU
		{369ee548-c1c2-7b12-23cf-e2557898fa32}.Debug|Any CPU.Build.0 = Debug|Any CPU
		{ca433c63-bc95-7675-1cfd-56e772ec452e}.Debug|Any CPU.ActiveCfg = Debug|Any CPU
		{ca433c63-bc95-7675-1cfd-56e772ec452e}.Debug|Any CPU.Build.0 = Debug|Any CPU
		{ff97bf2e-8d6c-d1f9-f1a8-1466bffdf68c}.Debug|Any CPU.ActiveCfg = Debug|Any CPU
		{ff97bf2e-8d6c-d1f9-f1a8-1466bffdf68c}.Debug|Any CPU.Build.0 = Debug|Any CPU
		{d923e9de-adf1-203d-d214-8efb466c52d9}.Debug|Any CPU.ActiveCfg = Debug|Any CPU
		{d923e9de-adf1-203d-d214-8efb466c52d9}.Debug|Any CPU.Build.0 = Debug|Any CPU
		{2f92b388-435d-d368-bc59-e55438fa60b2}.Debug|Any CPU.ActiveCfg = Debug|Any CPU
		{2f92b388-435d-d368-bc59-e55438fa60b2}.Debug|Any CPU.Build.0 = Debug|Any CPU
		{5263e352-9f61-c697-4bce-efb8736555d3}.Debug|Any CPU.ActiveCfg = Debug|Any CPU
		{5263e352-9f61-c697-4bce-efb8736555d3}.Debug|Any CPU.Build.0 = Debug|Any CPU
		{94a80516-1405-257a-c766-109bb1919c01}.Debug|Any CPU.ActiveCfg = Debug|Any CPU
		{94a80516-1405-257a-c766-109bb1919c01}.Debug|Any CPU.Build.0 = Debug|Any CPU
		{8b364882-3699-d466-c13d-741d37df229e}.Debug|Any CPU.ActiveCfg = Debug|Any CPU
		{8b364882-3699-d466-c13d-741d37df229e}.Debug|Any CPU.Build.0 = Debug|Any CPU
		{4db59f0b-83c1-3f26-435b-7d32760726db}.Debug|Any CPU.ActiveCfg = Debug|Any CPU
		{4db59f0b-83c1-3f26-435b-7d32760726db}.Debug|Any CPU.Build.0 = Debug|Any CPU
		{20646c18-9471-ff62-1ec4-4161acc62b94}.Debug|Any CPU.ActiveCfg = Debug|Any CPU
		{20646c18-9471-ff62-1ec4-4161acc62b94}.Debug|Any CPU.Build.0 = Debug|Any CPU
		{3b7f07c1-ff4a-ecb6-6f87-92bb45381b41}.Debug|Any CPU.ActiveCfg = Debug|Any CPU
		{3b7f07c1-ff4a-ecb6-6f87-92bb45381b41}.Debug|Any CPU.Build.0 = Debug|Any CPU
		{d43865b5-575b-52fe-4d3e-3ceb992f6141}.Debug|Any CPU.ActiveCfg = Debug|Any CPU
		{d43865b5-575b-52fe-4d3e-3ceb992f6141}.Debug|Any CPU.Build.0 = Debug|Any CPU
		{cc07bac4-6627-d917-75b3-9de355426ed2}.Debug|Any CPU.ActiveCfg = Debug|Any CPU
		{cc07bac4-6627-d917-75b3-9de355426ed2}.Debug|Any CPU.Build.0 = Debug|Any CPU
	EndGlobalSection
	GlobalSection(SolutionProperties) = preSolution
		HideSolutionNode = FALSE
	EndGlobalSection
EndGlobal
